
Microsoft Visual Studio Solution File, Format Version 12.00
# Visual Studio Version 16
VisualStudioVersion = 16.0.29215.179
MinimumVisualStudioVersion = 10.0.40219.1
Project("{FAE04EC0-301F-11D3-BF4B-00C04F79EFBC}") = "Weboy", "Weboy\Weboy.csproj", "{28AEFEB4-AEFB-4925-8903-054AF93138CC}"
EndProject
Global
	GlobalSection(SolutionConfigurationPlatforms) = preSolution
		Debug|Any CPU = Debug|Any CPU
		Release|Any CPU = Release|Any CPU
	EndGlobalSection
	GlobalSection(ProjectConfigurationPlatforms) = postSolution
		{28AEFEB4-AEFB-4925-8903-054AF93138CC}.Debug|Any CPU.ActiveCfg = Debug|Any CPU
		{28AEFEB4-AEFB-4925-8903-054AF93138CC}.Debug|Any CPU.Build.0 = Debug|Any CPU
		{28AEFEB4-AEFB-4925-8903-054AF93138CC}.Release|Any CPU.ActiveCfg = Release|Any CPU
		{28AEFEB4-AEFB-4925-8903-054AF93138CC}.Release|Any CPU.Build.0 = Release|Any CPU
	EndGlobalSection
	GlobalSection(SolutionProperties) = preSolution
		HideSolutionNode = FALSE
	EndGlobalSection
	GlobalSection(ExtensibilityGlobals) = postSolution
		SolutionGuid = {1F6B5430-C4FB-49E9-8837-AEF1AD343D5A}
	EndGlobalSection
EndGlobal
